
Microsoft Visual Studio Solution File, Format Version 12.00
# Visual Studio Version 17
VisualStudioVersion = 17.4.33213.308
MinimumVisualStudioVersion = 10.0.40219.1
Project("{FAE04EC0-301F-11D3-BF4B-00C04F79EFBC}") = "ApiACME", "ApiACME.csproj", "{3C230F3F-27C5-4EBF-9B0F-CD7EF53254EE}"
EndProject
Global
	GlobalSection(SolutionConfigurationPlatforms) = preSolution
		Debug|Any CPU = Debug|Any CPU
		Release|Any CPU = Release|Any CPU
	EndGlobalSection
	GlobalSection(ProjectConfigurationPlatforms) = postSolution
		{3C230F3F-27C5-4EBF-9B0F-CD7EF53254EE}.Debug|Any CPU.ActiveCfg = Debug|Any CPU
		{3C230F3F-27C5-4EBF-9B0F-CD7EF53254EE}.Debug|Any CPU.Build.0 = Debug|Any CPU
		{3C230F3F-27C5-4EBF-9B0F-CD7EF53254EE}.Release|Any CPU.ActiveCfg = Release|Any CPU
		{3C230F3F-27C5-4EBF-9B0F-CD7EF53254EE}.Release|Any CPU.Build.0 = Release|Any CPU
	EndGlobalSection
	GlobalSection(SolutionProperties) = preSolution
		HideSolutionNode = FALSE
	EndGlobalSection
	GlobalSection(ExtensibilityGlobals) = postSolution
		SolutionGuid = {817A453F-C585-40A7-AAE6-EBA912AE33E3}
	EndGlobalSection
EndGlobal
